<?xml version="1.0" encoding="utf-8"?>
<Project ToolsVersion="16.0" xmlns="http://schemas.microsoft.com/developer/msbuild/2003">
  <ItemGroup>
    <CustomBuild Include="D:\PB_SIEMENS\Procesare_img\Project\proj\CMakeFiles\74599b87bf5b0c09b66338b9915a5016\INSTALL_force.rule">
      <Filter>CMake Rules</Filter>
    </CustomBuild>
  </ItemGroup>
  <ItemGroup>
    <Filter Include="CMake Rules">
      <UniqueIdentifier>{86BA34E9-0026-3C7C-9727-3BFA3EE055EE}</UniqueIdentifier>
    </Filter>
  </ItemGroup>
</Project>
